
Microsoft Visual Studio Solution File, Format Version 12.00
# Visual Studio 15
VisualStudioVersion = 15.0.27428.2043
MinimumVisualStudioVersion = 10.0.40219.1
Project("{FAE04EC0-301F-11D3-BF4B-00C04F79EFBC}") = "calculator", "小算盤-陣列\calculator.csproj", "{6464BE4C-A683-4EC1-A249-BBC7492CB1D0}"
EndProject
Global
	GlobalSection(SolutionConfigurationPlatforms) = preSolution
		Debug|Any CPU = Debug|Any CPU
		Release|Any CPU = Release|Any CPU
	EndGlobalSection
	GlobalSection(ProjectConfigurationPlatforms) = postSolution
		{6464BE4C-A683-4EC1-A249-BBC7492CB1D0}.Debug|Any CPU.ActiveCfg = Debug|Any CPU
		{6464BE4C-A683-4EC1-A249-BBC7492CB1D0}.Debug|Any CPU.Build.0 = Debug|Any CPU
		{6464BE4C-A683-4EC1-A249-BBC7492CB1D0}.Release|Any CPU.ActiveCfg = Release|Any CPU
		{6464BE4C-A683-4EC1-A249-BBC7492CB1D0}.Release|Any CPU.Build.0 = Release|Any CPU
	EndGlobalSection
	GlobalSection(SolutionProperties) = preSolution
		HideSolutionNode = FALSE
	EndGlobalSection
	GlobalSection(ExtensibilityGlobals) = postSolution
		SolutionGuid = {09650F50-22CA-492E-8E6E-36A8F56D2913}
	EndGlobalSection
EndGlobal
